
Microsoft Visual Studio Solution File, Format Version 12.00
# Visual Studio 2012
Project("{F184B08F-C81C-45F6-A57F-5ABD9991F28F}") = "Tolerance", "Tolerance.vbproj", "{A5A6D23D-FCC2-4D4F-8459-B459ABC7185F}"
EndProject
Global
	GlobalSection(SolutionConfigurationPlatforms) = preSolution
		Debug|Any CPU = Debug|Any CPU
		Release|Any CPU = Release|Any CPU
	EndGlobalSection
	GlobalSection(ProjectConfigurationPlatforms) = postSolution
		{A5A6D23D-FCC2-4D4F-8459-B459ABC7185F}.Debug|Any CPU.ActiveCfg = Debug|Any CPU
		{A5A6D23D-FCC2-4D4F-8459-B459ABC7185F}.Debug|Any CPU.Build.0 = Debug|Any CPU
		{A5A6D23D-FCC2-4D4F-8459-B459ABC7185F}.Release|Any CPU.ActiveCfg = Release|Any CPU
		{A5A6D23D-FCC2-4D4F-8459-B459ABC7185F}.Release|Any CPU.Build.0 = Release|Any CPU
	EndGlobalSection
	GlobalSection(SolutionProperties) = preSolution
		HideSolutionNode = FALSE
	EndGlobalSection
EndGlobal
